        # Generated by pub. See: http://pub.dartlang.org/doc/glossary.html#lockfile
         {"packages":{"hart":{"version":"0.0.4","source":"hosted","description":"hart"},"browser":{"version":"0.4.2","source":"hosted","description":"browser"},"unittest":{"version":"0.4.2","source":"hosted","description":"unittest"},"meta":{"version":"0.4.2","source":"hosted","description":"meta"}}}
        